{
    "_readme": [
        "This file locks the dependencies of your project to a known state",
        "Read more about it at http://getcomposer.org/doc/01-basic-usage.md#composer-lock-the-lock-file",
        "This file is @generated automatically"
    ],
    "hash": "61e2727bef9bd0c7e77583b545f3b26e",
    "packages": [
        {
            "name": "sabberworm/php-css-parser",
            "version": "5.1.2",
            "source": {
                "type": "git",
                "url": "https://github.com/sabberworm/PHP-CSS-Parser.git",
                "reference": "4c4ab985e372113dbfd0a8192fbd8629bface9bb"
            },
            "dist": {
                "type": "zip",
                "url": "https://api.github.com/repos/sabberworm/PHP-CSS-Parser/zipball/4c4ab985e372113dbfd0a8192fbd8629bface9bb",
                "reference": "4c4ab985e372113dbfd0a8192fbd8629bface9bb",
                "shasum": ""
            },
            "require": {
                "php": ">=5.3.2"
            },
            "type": "library",
            "autoload": {
                "psr-0": {
                    "Sabberworm\\CSS": "lib/"
                }
            },
            "notification-url": "https://packagist.org/downloads/",
            "license": [
                "MIT"
            ],
            "authors": [
                {
                    "name": "Raphael Schweikert"
                }
            ],
            "description": "Parser for CSS Files written in PHP",
            "homepage": "http://www.sabberworm.com/blog/2010/6/10/php-css-parser",
            "keywords": [
                "css",
                "parser",
                "stylesheet"
            ],
            "time": "2014-04-24 18:00:51"
        },
        {
            "name": "wittiws/phpquery",
            "version": "dev-master",
            "source": {
                "type": "git",
                "url": "https://github.com/wittiws/phpquery.git",
                "reference": "1ad933aa9381a6897e080af9aad2930a5dfc3839"
            },
            "dist": {
                "type": "zip",
                "url": "https://api.github.com/repos/wittiws/phpquery/zipball/1ad933aa9381a6897e080af9aad2930a5dfc3839",
                "reference": "1ad933aa9381a6897e080af9aad2930a5dfc3839",
                "shasum": ""
            },
            "require": {
                "php": ">=5.3.3",
                "sabberworm/php-css-parser": "5.1.*"
            },
            "type": "library",
            "autoload": {
                "psr-4": {
                    "PhpQuery\\": "src/"
                }
            },
            "notification-url": "https://packagist.org/downloads/",
            "license": [
                "MIT"
            ],
            "authors": [
                {
                    "name": "Tobiasz Cudnik",
                    "email": "tobiasz.cudnik@gmail.com",
                    "homepage": "https://github.com/TobiaszCudnik",
                    "role": "Developer"
                },
                {
                    "name": "didier Belot",
                    "role": "Packager"
                },
                {
                    "name": "Greg Payne",
                    "role": "Packager"
                }
            ],
            "description": "PHP5.3+ namespaced version of phpQuery with enhanced CSS support",
            "homepage": "http://code.google.com/p/phpquery/",
            "time": "2014-07-10 16:07:41"
        }
    ],
    "packages-dev": [],
    "aliases": [],
    "minimum-stability": "dev",
    "stability-flags": {
        "wittiws/phpquery": 20
    },
    "platform": {
        "php": ">=5.3.0"
    },
    "platform-dev": []
}
